# This file is automatically @generated by Poetry 1.8.5 and should not be changed by hand.

[[package]]
name = "ete3"
version = "3.1.3"
description = "A Python Environment for (phylogenetic) Tree Exploration"
optional = false
python-versions = "*"
files = [
    {file = "ete3-3.1.3.tar.gz", hash = "sha256:06a3b7fa8ed90187b076a8dbbe5b1b62acee94201d3c6e822f55f449601ef6f2"},
]

[metadata]
lock-version = "2.0"
python-versions = "^3.8"
content-hash = "d413f32e67fbc9f8e9051d97c43cfafb04e898b40b66c0b40972a629c3393715"
